{
  "name": "@esposter/genshin-persona",
  "version": "3.2.0",
  "lockfileVersion": 3,
  "requires": true,
  "packages": {
    "": {
      "name": "@esposter/genshin-persona",
      "version": "3.2.0",
      "license": "Apache-2.0",
      "dependencies": {
        "@typesafe-ai/sdk": "^0.6.0",
        "genshin-db": "^5.2.13"
      }
    },
    "node_modules/@typesafe-ai/sdk": {
      "version": "0.6.0",
      "resolved": "https://registry.npmjs.org/@typesafe-ai/sdk/-/sdk-0.6.0.tgz",
      "integrity": "sha512-IddX+Q0XM+VagOUZFeP7wZjaO4SHMdvnh2zEBdrZZnXedWI3BNK1lKhMx3ayrkFWvVLbVcUHJy6AVZlY+e6Jaw==",
      "license": "MIT",
      "engines": {
        "node": ">=20"
      }
    },
    "node_modules/fuzzysort": {
      "version": "1.9.0",
      "resolved": "https://registry.npmjs.org/fuzzysort/-/fuzzysort-1.9.0.tgz",
      "integrity": "sha512-MOxCT0qLTwLqmEwc7UtU045RKef7mc8Qz8eR4r2bLNEq9dy/c3ZKMEFp6IEst69otkQdFZ4FfgH2dmZD+ddX1g==",
      "license": "MIT"
    },
    "node_modules/genshin-db": {
      "version": "5.2.13",
      "resolved": "https://registry.npmjs.org/genshin-db/-/genshin-db-5.2.13.tgz",
      "integrity": "sha512-0oedxYGyhUYJRvLvuFStC9rF7wvnJEtIJgPoWq4CEABdWFB/GnJNu1VBRLBqOLaOrtSbUkmMpXO140VeLlMSHA==",
      "license": "MIT",
      "dependencies": {
        "fuzzysort": "^1.1.4",
        "pako": "^2.0.4"
      }
    },
    "node_modules/pako": {
      "version": "2.2.0",
      "resolved": "https://registry.npmjs.org/pako/-/pako-2.2.0.tgz",
      "integrity": "sha512-zJq6RP/5q+TO2OpFV3FHzlPnFjmkb7Nc99a5SNjJE+uu/PkpChs+NIZSSzbBoD+6kjiISXjfYdwj1ZRQ81dz/w==",
      "funding": [
        {
          "type": "github",
          "url": "https://github.com/sponsors/puzrin"
        },
        {
          "type": "github",
          "url": "https://github.com/sponsors/nodeca"
        }
      ],
      "license": "(MIT AND Zlib)"
    }
  }
}
